
Microsoft Visual Studio Solution File, Format Version 12.00
# Visual Studio Version 17
VisualStudioVersion = 17.13.35825.156 d17.13
MinimumVisualStudioVersion = 10.0.40219.1
Project("{FAE04EC0-301F-11D3-BF4B-00C04F79EFBC}") = "ExChangeCurrency", "ExChangeCurrency\ExChangeCurrency.csproj", "{61D250C2-6725-44A2-92B3-64066A398518}"
EndProject
Global
	GlobalSection(SolutionConfigurationPlatforms) = preSolution
		Debug|Any CPU = Debug|Any CPU
		Release|Any CPU = Release|Any CPU
	EndGlobalSection
	GlobalSection(ProjectConfigurationPlatforms) = postSolution
		{61D250C2-6725-44A2-92B3-64066A398518}.Debug|Any CPU.ActiveCfg = Debug|Any CPU
		{61D250C2-6725-44A2-92B3-64066A398518}.Debug|Any CPU.Build.0 = Debug|Any CPU
		{61D250C2-6725-44A2-92B3-64066A398518}.Release|Any CPU.ActiveCfg = Release|Any CPU
		{61D250C2-6725-44A2-92B3-64066A398518}.Release|Any CPU.Build.0 = Release|Any CPU
	EndGlobalSection
	GlobalSection(SolutionProperties) = preSolution
		HideSolutionNode = FALSE
	EndGlobalSection
	GlobalSection(ExtensibilityGlobals) = postSolution
		SolutionGuid = {976065C2-884B-4F1E-B7FC-BA1F0A7C5698}
	EndGlobalSection
EndGlobal
